
Microsoft Visual Studio Solution File, Format Version 12.00
# Visual Studio 15
VisualStudioVersion = 15.0.27428.2037
MinimumVisualStudioVersion = 10.0.40219.1
Project("{FAE04EC0-301F-11D3-BF4B-00C04F79EFBC}") = "ContasApto2.0", "ContasApto2.0\ContasApto2.0.csproj", "{13BFD90F-38EB-46DA-A429-5C9CAB41C5F4}"
EndProject
Global
	GlobalSection(SolutionConfigurationPlatforms) = preSolution
		Debug|Any CPU = Debug|Any CPU
		Release|Any CPU = Release|Any CPU
	EndGlobalSection
	GlobalSection(ProjectConfigurationPlatforms) = postSolution
		{13BFD90F-38EB-46DA-A429-5C9CAB41C5F4}.Debug|Any CPU.ActiveCfg = Debug|Any CPU
		{13BFD90F-38EB-46DA-A429-5C9CAB41C5F4}.Debug|Any CPU.Build.0 = Debug|Any CPU
		{13BFD90F-38EB-46DA-A429-5C9CAB41C5F4}.Release|Any CPU.ActiveCfg = Release|Any CPU
		{13BFD90F-38EB-46DA-A429-5C9CAB41C5F4}.Release|Any CPU.Build.0 = Release|Any CPU
	EndGlobalSection
	GlobalSection(SolutionProperties) = preSolution
		HideSolutionNode = FALSE
	EndGlobalSection
	GlobalSection(ExtensibilityGlobals) = postSolution
		SolutionGuid = {E9A413B8-ED81-4E5B-BE2F-AFBC338E6EDD}
	EndGlobalSection
EndGlobal
